
Microsoft Visual Studio Solution File, Format Version 12.00
# Visual Studio Version 17
VisualStudioVersion = 17.14.36221.1 d17.14
MinimumVisualStudioVersion = 10.0.40219.1
Project("{FAE04EC0-301F-11D3-BF4B-00C04F79EFBC}") = "AzureAdTest", "AzureAdTest.csproj", "{7357567D-DC1E-4E55-936A-B3A379C4AF2B}"
EndProject
Global
	GlobalSection(SolutionConfigurationPlatforms) = preSolution
		Debug|Any CPU = Debug|Any CPU
		Release|Any CPU = Release|Any CPU
	EndGlobalSection
	GlobalSection(ProjectConfigurationPlatforms) = postSolution
		{7357567D-DC1E-4E55-936A-B3A379C4AF2B}.Debug|Any CPU.ActiveCfg = Debug|Any CPU
		{7357567D-DC1E-4E55-936A-B3A379C4AF2B}.Debug|Any CPU.Build.0 = Debug|Any CPU
		{7357567D-DC1E-4E55-936A-B3A379C4AF2B}.Release|Any CPU.ActiveCfg = Release|Any CPU
		{7357567D-DC1E-4E55-936A-B3A379C4AF2B}.Release|Any CPU.Build.0 = Release|Any CPU
	EndGlobalSection
	GlobalSection(SolutionProperties) = preSolution
		HideSolutionNode = FALSE
	EndGlobalSection
	GlobalSection(ExtensibilityGlobals) = postSolution
		SolutionGuid = {19A09F8D-F2E2-41B7-996B-C84067CA95CA}
	EndGlobalSection
EndGlobal
